[[package]]
name = "cslice"
version = "0.3.0"
source = "registry+https://github.com/rust-lang/crates.io-index"

[[package]]
name = "cstr-macro"
version = "0.1.0"
source = "registry+https://github.com/rust-lang/crates.io-index"

[[package]]
name = "demo"
version = "0.1.0"
dependencies = [
 "helix 0.7.2 (registry+https://github.com/rust-lang/crates.io-index)",
]

[[package]]
name = "helix"
version = "0.7.2"
source = "registry+https://github.com/rust-lang/crates.io-index"
dependencies = [
 "cslice 0.3.0 (registry+https://github.com/rust-lang/crates.io-index)",
 "cstr-macro 0.1.0 (registry+https://github.com/rust-lang/crates.io-index)",
 "libc 0.2.33 (registry+https://github.com/rust-lang/crates.io-index)",
 "libcruby-sys 0.7.2 (registry+https://github.com/rust-lang/crates.io-index)",
]

[[package]]
name = "libc"
version = "0.2.33"
source = "registry+https://github.com/rust-lang/crates.io-index"

[[package]]
name = "libcruby-sys"
version = "0.7.2"
source = "registry+https://github.com/rust-lang/crates.io-index"
dependencies = [
 "libc 0.2.33 (registry+https://github.com/rust-lang/crates.io-index)",
]

[metadata]
"checksum cslice 0.3.0 (registry+https://github.com/rust-lang/crates.io-index)" = "0f8cb7306107e4b10e64994de6d3274bd08996a7c1322a27b86482392f96be0a"
"checksum cstr-macro 0.1.0 (registry+https://github.com/rust-lang/crates.io-index)" = "db53fddba18cdd35477a7213a3ef6acfbfa333c31b42ce019e544c4a1420a06f"
"checksum helix 0.7.2 (registry+https://github.com/rust-lang/crates.io-index)" = "cbf45e0f51337f76d3481ac5a29693ca6138dcfa569a671988c7c65a6536d4cf"
"checksum libc 0.2.33 (registry+https://github.com/rust-lang/crates.io-index)" = "5ba3df4dcb460b9dfbd070d41c94c19209620c191b0340b929ce748a2bcd42d2"
"checksum libcruby-sys 0.7.2 (registry+https://github.com/rust-lang/crates.io-index)" = "a8d944129f388f0dfd391fb8308f4e0b9cde5c83ed1e66c1ee395445ad62282c"
